
Microsoft Visual Studio Solution File, Format Version 12.00
# Visual Studio 2012
Project("{FAE04EC0-301F-11D3-BF4B-00C04F79EFBC}") = "Testes", "Testes\Testes.csproj", "{16645DE2-AA68-4168-AF0E-80C14979517C}"
EndProject
Project("{FAE04EC0-301F-11D3-BF4B-00C04F79EFBC}") = "Conversor", "Conversor\Conversor.csproj", "{8BDB9A89-2B2C-4999-81DA-B7A1EA2D0E65}"
EndProject
Global
	GlobalSection(SolutionConfigurationPlatforms) = preSolution
		Debug|Any CPU = Debug|Any CPU
		Release|Any CPU = Release|Any CPU
	EndGlobalSection
	GlobalSection(ProjectConfigurationPlatforms) = postSolution
		{16645DE2-AA68-4168-AF0E-80C14979517C}.Debug|Any CPU.ActiveCfg = Debug|Any CPU
		{16645DE2-AA68-4168-AF0E-80C14979517C}.Debug|Any CPU.Build.0 = Debug|Any CPU
		{16645DE2-AA68-4168-AF0E-80C14979517C}.Release|Any CPU.ActiveCfg = Release|Any CPU
		{16645DE2-AA68-4168-AF0E-80C14979517C}.Release|Any CPU.Build.0 = Release|Any CPU
		{8BDB9A89-2B2C-4999-81DA-B7A1EA2D0E65}.Debug|Any CPU.ActiveCfg = Debug|Any CPU
		{8BDB9A89-2B2C-4999-81DA-B7A1EA2D0E65}.Debug|Any CPU.Build.0 = Debug|Any CPU
		{8BDB9A89-2B2C-4999-81DA-B7A1EA2D0E65}.Release|Any CPU.ActiveCfg = Release|Any CPU
		{8BDB9A89-2B2C-4999-81DA-B7A1EA2D0E65}.Release|Any CPU.Build.0 = Release|Any CPU
	EndGlobalSection
	GlobalSection(SolutionProperties) = preSolution
		HideSolutionNode = FALSE
	EndGlobalSection
EndGlobal
